{
  "requires": true,
  "lockfileVersion": 1,
  "dependencies": {
    "commander": {
      "version": "0.0.5",
      "resolved": "https://registry.npmjs.org/commander/-/commander-0.0.5.tgz",
      "integrity": "sha1-eCT+BNU1f226AEX7qG//z8hD6/0="
    },
    "ko": {
      "version": "0.1.3",
      "resolved": "https://registry.npmjs.org/ko/-/ko-0.1.3.tgz",
      "integrity": "sha1-kD34TQrIr19/phCedDuDvlSnT68=",
      "requires": {
        "commander": "0.0.5"
      }
    }
  }
}
